using System;
using System.Collections.Generic;
using System.Data;
using System.IO;
using System.Linq;
using System.Text;
using System.Threading.Tasks;

namespace C__ของต่อ
{
    internal class Program
    {
        static void Main(string[] args)
        {
            //bmi calculate
            Console.WriteLine("Please input your weight(kg) here!! : ");
            string weight_input_kg = Console.ReadLine();
            double weight_kg = double.Parse(weight_input_kg);

            Console.WriteLine("Please input your height(cm) here!! : ");
            string height_input_cm = Console.ReadLine();
            double height_cm = double.Parse(height_input_cm);
            double height_m = height_cm / 100;

            double calculate = weight_kg / Math.Pow(height_m, 2);
            float bmi = (float)calculate;
            Console.WriteLine("Your bmi is : {0}", bmi);
            Console.ReadKey();
        }
    }
}
